{
  "name": "BrainBeatsv4",
  "lockfileVersion": 3,
  "requires": true,
  "packages": {
    "": {
      "dependencies": {
        "@neurosity/pipes": "^5.1.3"
      }
    },
    "node_modules/@neurosity/dsp": {
      "version": "1.0.1",
      "resolved": "https://registry.npmjs.org/@neurosity/dsp/-/dsp-1.0.1.tgz",
      "integrity": "sha512-rY7KUpe1nLTk6oBPoRx/Eh9FDgTpxnUQSOrs1fsfs1T7l/pT6UtuYvh1UB32jTxe3l4QgUpE5NMq0mNJXrlQwg=="
    },
    "node_modules/@neurosity/pipes": {
      "version": "5.1.3",
      "resolved": "https://registry.npmjs.org/@neurosity/pipes/-/pipes-5.1.3.tgz",
      "integrity": "sha512-Ju+Cdy57yRwWCQT0LD81hFegq5ZdI1uXKl4UDqL1gTOsyffcAF4WTuUzAzszPX7AFHcOViNlWzaxtS7aTWaPOQ==",
      "dependencies": {
        "@neurosity/dsp": "^1.0.1",
        "fili": "^2.0.1",
        "rxjs": "^7.5.7"
      }
    },
    "node_modules/fili": {
      "version": "2.0.3",
      "resolved": "https://registry.npmjs.org/fili/-/fili-2.0.3.tgz",
      "integrity": "sha512-NW/EY++EMP9f4mSpVCjg5PJnAkkxzh170My+R18sh4CSXu3Puxw3Cs4aQmXoUtNg1EonZmvmR5TLcKEJtX5hQg=="
    },
    "node_modules/rxjs": {
      "version": "7.8.0",
      "resolved": "https://registry.npmjs.org/rxjs/-/rxjs-7.8.0.tgz",
      "integrity": "sha512-F2+gxDshqmIub1KdvZkaEfGDwLNpPvk9Fs6LD/MyQxNgMds/WH9OdDDXOmxUZpME+iSK3rQCctkL0DYyytUqMg==",
      "dependencies": {
        "tslib": "^2.1.0"
      }
    },
    "node_modules/tslib": {
      "version": "2.5.0",
      "resolved": "https://registry.npmjs.org/tslib/-/tslib-2.5.0.tgz",
      "integrity": "sha512-336iVw3rtn2BUK7ORdIAHTyxHGRIHVReokCR3XjbckJMK7ms8FysBfhLR8IXnAgy7T0PTPNBWKiH514FOW/WSg=="
    }
  }
}
