{
  "name": "BrainBeatsv4",
  "lockfileVersion": 3,
  "requires": true,
  "packages": {
    "": {
      "dependencies": {
        "@types/dom-serial": "^1.0.3"
      }
    },
    "node_modules/@types/dom-serial": {
      "version": "1.0.3",
      "resolved": "https://registry.npmjs.org/@types/dom-serial/-/dom-serial-1.0.3.tgz",
      "integrity": "sha512-iuuXTHSUQfosDJTN3AxTHfYtDZVehzAc07P0d6Y6/D0mNMoAzSQcAB8cf3glzH8MfMpZx8JDQv9C+PBpILVI3g=="
    }
  }
}
