{
  "name": "BrainBeatsv4",
  "lockfileVersion": 3,
  "requires": true,
  "packages": {
    "": {
      "dependencies": {
        "@types/dom-serial": "^1.0.3",
        "tonejs-instrument-flute-mp3": "^1.1.2"
      }
    },
    "node_modules/@types/dom-serial": {
      "version": "1.0.3",
      "resolved": "https://registry.npmjs.org/@types/dom-serial/-/dom-serial-1.0.3.tgz",
      "integrity": "sha512-iuuXTHSUQfosDJTN3AxTHfYtDZVehzAc07P0d6Y6/D0mNMoAzSQcAB8cf3glzH8MfMpZx8JDQv9C+PBpILVI3g=="
    },
    "node_modules/tonejs-instrument-flute-mp3": {
      "version": "1.1.2",
      "resolved": "https://registry.npmjs.org/tonejs-instrument-flute-mp3/-/tonejs-instrument-flute-mp3-1.1.2.tgz",
      "integrity": "sha512-Uao4DCUYMjAiQHVDryjDT/hIn/zkVGNETwlyrojTGGVZhKBVv/2TzRFq8m/5H8Qj7OLUuBXTPYW1pQFfOj67Jg==",
      "peerDependencies": {
        "tone": "^14.7.77"
      }
    }
  }
}
